
Microsoft Visual Studio Solution File, Format Version 12.00
# Visual Studio Version 16
VisualStudioVersion = 16.0.31005.135
MinimumVisualStudioVersion = 10.0.40219.1
Project("{FAE04EC0-301F-11D3-BF4B-00C04F79EFBC}") = "SwTCPInterface", "SwTCPInterface.csproj", "{EA133C85-F34B-45D7-9556-D128C3E68ABB}"
EndProject
Global
	GlobalSection(SolutionConfigurationPlatforms) = preSolution
		Debug|Any CPU = Debug|Any CPU
		Release|Any CPU = Release|Any CPU
	EndGlobalSection
	GlobalSection(ProjectConfigurationPlatforms) = postSolution
		{EA133C85-F34B-45D7-9556-D128C3E68ABB}.Debug|Any CPU.ActiveCfg = Debug|Any CPU
		{EA133C85-F34B-45D7-9556-D128C3E68ABB}.Debug|Any CPU.Build.0 = Debug|Any CPU
		{EA133C85-F34B-45D7-9556-D128C3E68ABB}.Release|Any CPU.ActiveCfg = Release|Any CPU
		{EA133C85-F34B-45D7-9556-D128C3E68ABB}.Release|Any CPU.Build.0 = Release|Any CPU
	EndGlobalSection
	GlobalSection(SolutionProperties) = preSolution
		HideSolutionNode = FALSE
	EndGlobalSection
	GlobalSection(ExtensibilityGlobals) = postSolution
		SolutionGuid = {F840CFBF-6910-4C7D-B3A0-C98EDB3D7E98}
	EndGlobalSection
EndGlobal
